PODS:
  - Alamofire (4.7.0)
  - ObjectMapper (3.1.0)
  - SwiftSoup (1.6.2)
  - SwiftyJSON (4.0.0)

DEPENDENCIES:
  - Alamofire (~> 4.7)
  - ObjectMapper
  - SwiftSoup
  - SwiftyJSON

SPEC CHECKSUMS:
  Alamofire: 907e0a98eb68cdb7f9d1f541a563d6ac5dc77b25
  ObjectMapper: 20505058f54e5c3ca69e1d6de9897d152a5369a6
  SwiftSoup: 390f651d9d3937c538e41219a98e5d6658a4405f
  SwiftyJSON: 070dabdcb1beb81b247c65ffa3a79dbbfb3b48aa

PODFILE CHECKSUM: bb33e3aa7c122da16dbd1fecdd90acad5601b497

COCOAPODS: 1.4.0
